
Microsoft Visual Studio Solution File, Format Version 12.00
# Visual Studio 14
VisualStudioVersion = 14.0.25420.1
MinimumVisualStudioVersion = 10.0.40219.1
Project("{8BC9CEB8-8B4A-11D0-8D11-00A0C91BC942}") = "1赋值运算符", "1赋值运算符\1赋值运算符.vcxproj", "{6020DF5E-0411-43E4-BFFC-829FCB76BEF5}"
EndProject
Project("{8BC9CEB8-8B4A-11D0-8D11-00A0C91BC942}") = "5从尾到头打印链表", "5从尾到头打印链表\5从尾到头打印链表.vcxproj", "{B6767CCE-8B7F-4724-A12F-D9F736A0D8C1}"
EndProject
Project("{8BC9CEB8-8B4A-11D0-8D11-00A0C91BC942}") = "6重建二叉树", "6重建二叉树\6重建二叉树.vcxproj", "{F7C8141A-529B-4D6C-AAE2-87AA49CA3B91}"
EndProject
Project("{8BC9CEB8-8B4A-11D0-8D11-00A0C91BC942}") = "2实现singleton", "2实现singleton\approachToOffer.vcxproj", "{BBDDA6BB-AB6E-475A-8681-D31625A1C562}"
EndProject
Project("{8BC9CEB8-8B4A-11D0-8D11-00A0C91BC942}") = "3排序二维数组查找", "3排序二维数组查找\排序二维数组查找.vcxproj", "{22240C29-F38A-46A0-8AFD-9493E9F1D968}"
EndProject
Project("{8BC9CEB8-8B4A-11D0-8D11-00A0C91BC942}") = "4替换空格", "4替换空格\替换空格.vcxproj", "{D8E6160B-4099-4046-B850-0E1081BEE0FC}"
EndProject
Project("{8BC9CEB8-8B4A-11D0-8D11-00A0C91BC942}") = "7使用两个栈实现队列", "7使用两个栈实现队列\7使用两个栈实现队列.vcxproj", "{A9E0AC9F-3A33-40AE-A660-6C764E4A0A0C}"
EndProject
Project("{8BC9CEB8-8B4A-11D0-8D11-00A0C91BC942}") = "8旋转数组最小数字", "8旋转数组最小数字\8旋转数组最小数字.vcxproj", "{7A8F9ABE-7D05-4B9D-A848-8748717FA32C}"
EndProject
Project("{8BC9CEB8-8B4A-11D0-8D11-00A0C91BC942}") = "9斐波那契数列", "9斐波那契数列\9斐波那契数列.vcxproj", "{C19B8DF4-2418-4263-ACFF-A1BB2D634DED}"
EndProject
Project("{8BC9CEB8-8B4A-11D0-8D11-00A0C91BC942}") = "10二进制中1的个数", "10二进制中1的个数\10二进制中1的个数.vcxproj", "{973E5011-5A04-46BC-8DA2-AAF51969887C}"
EndProject
Project("{8BC9CEB8-8B4A-11D0-8D11-00A0C91BC942}") = "11数值的整此方", "11数值的整此方\11数值的整此方.vcxproj", "{ECFF6609-198F-48AE-A0E6-2F15F02038B1}"
EndProject
Project("{8BC9CEB8-8B4A-11D0-8D11-00A0C91BC942}") = "12打印1到最大的n位数", "12打印1到最大的n位数\12打印1到最大的n位数.vcxproj", "{19E7CD14-9990-4F18-B852-E6C660B2D19B}"
EndProject
Project("{8BC9CEB8-8B4A-11D0-8D11-00A0C91BC942}") = "13在O1时间内删除链表节点", "13在O1时间内删除链表节点\13在O1时间内删除链表节点.vcxproj", "{518ED24A-F780-4F5B-ABB7-BE4E6976B3E1}"
EndProject
Project("{8BC9CEB8-8B4A-11D0-8D11-00A0C91BC942}") = "14调整顺序使得奇数位于偶数前面", "14调整顺序使得奇数位于偶数前面\14调整顺序使得奇数位于偶数前面.vcxproj", "{9C768851-06B0-4236-B648-702820A5D71D}"
EndProject
Project("{8BC9CEB8-8B4A-11D0-8D11-00A0C91BC942}") = "15链表中倒数第k个节点", "15链表中倒数第k个节点\15链表中倒数第k个节点.vcxproj", "{A23B6519-CC4A-4A36-AC02-1E2EA8FBC75E}"
EndProject
Project("{8BC9CEB8-8B4A-11D0-8D11-00A0C91BC942}") = "16反转链表", "16反转链表\16反转链表.vcxproj", "{EC4358A1-FD81-44E6-8C66-682DCEA4BC15}"
EndProject
Project("{8BC9CEB8-8B4A-11D0-8D11-00A0C91BC942}") = "17合并排序列表", "17合并排序列表\17合并排序列表.vcxproj", "{18D95C5D-8BEE-4BB9-A150-15E05665DC4B}"
EndProject
Project("{8BC9CEB8-8B4A-11D0-8D11-00A0C91BC942}") = "18树的子结构", "18树的子结构\18树的子结构.vcxproj", "{51E6E90B-C8E8-4D86-BFCB-066521FE74B4}"
EndProject
Project("{8BC9CEB8-8B4A-11D0-8D11-00A0C91BC942}") = "19二叉树镜像", "19二叉树镜像\19二叉树镜像.vcxproj", "{449DD43E-9AE4-441A-8AA6-FE8225ECF114}"
EndProject
Project("{8BC9CEB8-8B4A-11D0-8D11-00A0C91BC942}") = "20顺时针打印矩阵", "20顺时针打印矩阵\20顺时针打印矩阵.vcxproj", "{A144E9CA-5A27-4C27-AE32-CF437BF27419}"
EndProject
Project("{8BC9CEB8-8B4A-11D0-8D11-00A0C91BC942}") = "21包含min函数的栈", "21包含min函数的栈\21包含min函数的栈.vcxproj", "{B80AFCF4-FF52-44EF-95FE-F6197FC6B708}"
EndProject
Project("{8BC9CEB8-8B4A-11D0-8D11-00A0C91BC942}") = "22战的压入弹出序列", "22战的压入弹出序列\22战的压入弹出序列.vcxproj", "{7CBDDA5E-1F9D-4151-9C56-F098214DBD50}"
EndProject
Project("{8BC9CEB8-8B4A-11D0-8D11-00A0C91BC942}") = "23从上往下打印二叉树", "23从上往下打印二叉树\23从上往下打印二叉树.vcxproj", "{1271C578-05D0-42EC-9C18-08FA7188000C}"
EndProject
Project("{8BC9CEB8-8B4A-11D0-8D11-00A0C91BC942}") = "24二叉搜索树后续遍历", "24二叉搜索树后续遍历\24二叉搜索树后续遍历.vcxproj", "{232973B6-B892-49F5-A3C2-DEFC31C53AA0}"
EndProject
Project("{8BC9CEB8-8B4A-11D0-8D11-00A0C91BC942}") = "25二叉树中和为某一值的路径", "25二叉树中和为某一值的路径\25二叉树中和为某一值的路径.vcxproj", "{F7C19FE4-F1B2-415F-B877-E465496F3AD9}"
EndProject
Project("{8BC9CEB8-8B4A-11D0-8D11-00A0C91BC942}") = "26复杂链表的复制", "26复杂链表的复制\26复杂链表的复制.vcxproj", "{FD2B6EA1-5D0A-41AA-A41A-9814B60BFAD5}"
EndProject
Project("{8BC9CEB8-8B4A-11D0-8D11-00A0C91BC942}") = "27二叉搜索树与双向链表", "27二叉搜索树与双向链表\27二叉搜索树与双向链表.vcxproj", "{0EBCCF59-E216-42CF-BAAE-77E40EBD1693}"
EndProject
Project("{8BC9CEB8-8B4A-11D0-8D11-00A0C91BC942}") = "28字符串的排列", "28字符串的排列\28字符串的排列.vcxproj", "{E3470201-F297-484B-9502-1FFF0D78A051}"
EndProject
Project("{8BC9CEB8-8B4A-11D0-8D11-00A0C91BC942}") = "附加8皇后", "附加8皇后\附加8皇后.vcxproj", "{6FFDEA0F-A478-4005-B68A-EFFF7B45B4D9}"
EndProject
Project("{8BC9CEB8-8B4A-11D0-8D11-00A0C91BC942}") = "29数组中出现次数超过一半的数字", "29数组中出现次数超过一半的数字\29数组中出现次数超过一半的数字.vcxproj", "{60F0D085-9C1B-49A4-9EA1-ABA0D6DF578A}"
EndProject
Project("{8BC9CEB8-8B4A-11D0-8D11-00A0C91BC942}") = "30最小的K个数", "30最小的K个数\30最小的K个数.vcxproj", "{4A4C2567-B911-4005-892D-034DB60CA5AD}"
EndProject
Project("{8BC9CEB8-8B4A-11D0-8D11-00A0C91BC942}") = "31连续子数组的最大和", "31连续子数组的最大和\31连续子数组的最大和.vcxproj", "{CE71A013-BE18-487E-936C-A00BB3A2DB9C}"
EndProject
Project("{8BC9CEB8-8B4A-11D0-8D11-00A0C91BC942}") = "32从1到n整数中1出现的次数", "32从1到n整数中1出现的次数\32从1到n整数中1出现的次数.vcxproj", "{0FA8E92E-B4BA-4FBC-A534-60D828B4382E}"
EndProject
Project("{8BC9CEB8-8B4A-11D0-8D11-00A0C91BC942}") = "33把数组排成最小的数", "33把数组排成最小的数\33把数组排成最小的数.vcxproj", "{BBFFFB3E-233B-45FB-AEEF-8E239003C067}"
EndProject
Project("{8BC9CEB8-8B4A-11D0-8D11-00A0C91BC942}") = "34丑数", "34丑数\34丑数.vcxproj", "{458A1725-BD35-4D5D-BFED-571DB12B30FC}"
EndProject
Project("{8BC9CEB8-8B4A-11D0-8D11-00A0C91BC942}") = "35第一个只出现一次的字符", "35第一个只出现一次的字符\35第一个只出现一次的字符.vcxproj", "{F127DF2E-8DFF-485C-8336-6FB0898B58DF}"
EndProject
Project("{8BC9CEB8-8B4A-11D0-8D11-00A0C91BC942}") = "36数组中的逆序对", "36数组中的逆序对\36数组中的逆序对.vcxproj", "{B795E8F1-451A-4A64-BC56-1FF7CD8FEC03}"
EndProject
Project("{8BC9CEB8-8B4A-11D0-8D11-00A0C91BC942}") = "37两个链表的第一个公共节点", "37两个链表的第一个公共节点\37两个链表的第一个公共节点.vcxproj", "{7406A9DA-133B-4337-82D3-11C7684255DC}"
EndProject
Project("{8BC9CEB8-8B4A-11D0-8D11-00A0C91BC942}") = "38数字在排序数组中出现的次数", "38数字在排序数组中出现的次数\38数字在排序数组中出现的次数.vcxproj", "{95C99801-DB2A-49A4-A1D7-87C81DAE3CFF}"
EndProject
Project("{8BC9CEB8-8B4A-11D0-8D11-00A0C91BC942}") = "39二叉树深度", "39二叉树深度\39二叉树深度.vcxproj", "{A56BA8E9-7B31-4742-8028-54D0E4AD7AD4}"
EndProject
Global
	GlobalSection(SolutionConfigurationPlatforms) = preSolution
		Debug|x64 = Debug|x64
		Debug|x86 = Debug|x86
		Release|x64 = Release|x64
		Release|x86 = Release|x86
	EndGlobalSection
	GlobalSection(ProjectConfigurationPlatforms) = postSolution
		{6020DF5E-0411-43E4-BFFC-829FCB76BEF5}.Debug|x64.ActiveCfg = Debug|x64
		{6020DF5E-0411-43E4-BFFC-829FCB76BEF5}.Debug|x64.Build.0 = Debug|x64
		{6020DF5E-0411-43E4-BFFC-829FCB76BEF5}.Debug|x86.ActiveCfg = Debug|Win32
		{6020DF5E-0411-43E4-BFFC-829FCB76BEF5}.Debug|x86.Build.0 = Debug|Win32
		{6020DF5E-0411-43E4-BFFC-829FCB76BEF5}.Release|x64.ActiveCfg = Release|x64
		{6020DF5E-0411-43E4-BFFC-829FCB76BEF5}.Release|x64.Build.0 = Release|x64
		{6020DF5E-0411-43E4-BFFC-829FCB76BEF5}.Release|x86.ActiveCfg = Release|Win32
		{6020DF5E-0411-43E4-BFFC-829FCB76BEF5}.Release|x86.Build.0 = Release|Win32
		{B6767CCE-8B7F-4724-A12F-D9F736A0D8C1}.Debug|x64.ActiveCfg = Debug|x64
		{B6767CCE-8B7F-4724-A12F-D9F736A0D8C1}.Debug|x64.Build.0 = Debug|x64
		{B6767CCE-8B7F-4724-A12F-D9F736A0D8C1}.Debug|x86.ActiveCfg = Debug|Win32
		{B6767CCE-8B7F-4724-A12F-D9F736A0D8C1}.Debug|x86.Build.0 = Debug|Win32
		{B6767CCE-8B7F-4724-A12F-D9F736A0D8C1}.Release|x64.ActiveCfg = Release|x64
		{B6767CCE-8B7F-4724-A12F-D9F736A0D8C1}.Release|x64.Build.0 = Release|x64
		{B6767CCE-8B7F-4724-A12F-D9F736A0D8C1}.Release|x86.ActiveCfg = Release|Win32
		{B6767CCE-8B7F-4724-A12F-D9F736A0D8C1}.Release|x86.Build.0 = Release|Win32
		{F7C8141A-529B-4D6C-AAE2-87AA49CA3B91}.Debug|x64.ActiveCfg = Debug|x64
		{F7C8141A-529B-4D6C-AAE2-87AA49CA3B91}.Debug|x64.Build.0 = Debug|x64
		{F7C8141A-529B-4D6C-AAE2-87AA49CA3B91}.Debug|x86.ActiveCfg = Debug|Win32
		{F7C8141A-529B-4D6C-AAE2-87AA49CA3B91}.Debug|x86.Build.0 = Debug|Win32
		{F7C8141A-529B-4D6C-AAE2-87AA49CA3B91}.Release|x64.ActiveCfg = Release|x64
		{F7C8141A-529B-4D6C-AAE2-87AA49CA3B91}.Release|x64.Build.0 = Release|x64
		{F7C8141A-529B-4D6C-AAE2-87AA49CA3B91}.Release|x86.ActiveCfg = Release|Win32
		{F7C8141A-529B-4D6C-AAE2-87AA49CA3B91}.Release|x86.Build.0 = Release|Win32
		{BBDDA6BB-AB6E-475A-8681-D31625A1C562}.Debug|x64.ActiveCfg = Debug|x64
		{BBDDA6BB-AB6E-475A-8681-D31625A1C562}.Debug|x64.Build.0 = Debug|x64
		{BBDDA6BB-AB6E-475A-8681-D31625A1C562}.Debug|x86.ActiveCfg = Debug|Win32
		{BBDDA6BB-AB6E-475A-8681-D31625A1C562}.Debug|x86.Build.0 = Debug|Win32
		{BBDDA6BB-AB6E-475A-8681-D31625A1C562}.Release|x64.ActiveCfg = Release|x64
		{BBDDA6BB-AB6E-475A-8681-D31625A1C562}.Release|x64.Build.0 = Release|x64
		{BBDDA6BB-AB6E-475A-8681-D31625A1C562}.Release|x86.ActiveCfg = Release|Win32
		{BBDDA6BB-AB6E-475A-8681-D31625A1C562}.Release|x86.Build.0 = Release|Win32
		{22240C29-F38A-46A0-8AFD-9493E9F1D968}.Debug|x64.ActiveCfg = Debug|x64
		{22240C29-F38A-46A0-8AFD-9493E9F1D968}.Debug|x64.Build.0 = Debug|x64
		{22240C29-F38A-46A0-8AFD-9493E9F1D968}.Debug|x86.ActiveCfg = Debug|Win32
		{22240C29-F38A-46A0-8AFD-9493E9F1D968}.Debug|x86.Build.0 = Debug|Win32
		{22240C29-F38A-46A0-8AFD-9493E9F1D968}.Release|x64.ActiveCfg = Release|x64
		{22240C29-F38A-46A0-8AFD-9493E9F1D968}.Release|x64.Build.0 = Release|x64
		{22240C29-F38A-46A0-8AFD-9493E9F1D968}.Release|x86.ActiveCfg = Release|Win32
		{22240C29-F38A-46A0-8AFD-9493E9F1D968}.Release|x86.Build.0 = Release|Win32
		{D8E6160B-4099-4046-B850-0E1081BEE0FC}.Debug|x64.ActiveCfg = Debug|x64
		{D8E6160B-4099-4046-B850-0E1081BEE0FC}.Debug|x64.Build.0 = Debug|x64
		{D8E6160B-4099-4046-B850-0E1081BEE0FC}.Debug|x86.ActiveCfg = Debug|Win32
		{D8E6160B-4099-4046-B850-0E1081BEE0FC}.Debug|x86.Build.0 = Debug|Win32
		{D8E6160B-4099-4046-B850-0E1081BEE0FC}.Release|x64.ActiveCfg = Release|x64
		{D8E6160B-4099-4046-B850-0E1081BEE0FC}.Release|x64.Build.0 = Release|x64
		{D8E6160B-4099-4046-B850-0E1081BEE0FC}.Release|x86.ActiveCfg = Release|Win32
		{D8E6160B-4099-4046-B850-0E1081BEE0FC}.Release|x86.Build.0 = Release|Win32
		{A9E0AC9F-3A33-40AE-A660-6C764E4A0A0C}.Debug|x64.ActiveCfg = Debug|x64
		{A9E0AC9F-3A33-40AE-A660-6C764E4A0A0C}.Debug|x64.Build.0 = Debug|x64
		{A9E0AC9F-3A33-40AE-A660-6C764E4A0A0C}.Debug|x86.ActiveCfg = Debug|Win32
		{A9E0AC9F-3A33-40AE-A660-6C764E4A0A0C}.Debug|x86.Build.0 = Debug|Win32
		{A9E0AC9F-3A33-40AE-A660-6C764E4A0A0C}.Release|x64.ActiveCfg = Release|x64
		{A9E0AC9F-3A33-40AE-A660-6C764E4A0A0C}.Release|x64.Build.0 = Release|x64
		{A9E0AC9F-3A33-40AE-A660-6C764E4A0A0C}.Release|x86.ActiveCfg = Release|Win32
		{A9E0AC9F-3A33-40AE-A660-6C764E4A0A0C}.Release|x86.Build.0 = Release|Win32
		{7A8F9ABE-7D05-4B9D-A848-8748717FA32C}.Debug|x64.ActiveCfg = Debug|x64
		{7A8F9ABE-7D05-4B9D-A848-8748717FA32C}.Debug|x64.Build.0 = Debug|x64
		{7A8F9ABE-7D05-4B9D-A848-8748717FA32C}.Debug|x86.ActiveCfg = Debug|Win32
		{7A8F9ABE-7D05-4B9D-A848-8748717FA32C}.Debug|x86.Build.0 = Debug|Win32
		{7A8F9ABE-7D05-4B9D-A848-8748717FA32C}.Release|x64.ActiveCfg = Release|x64
		{7A8F9ABE-7D05-4B9D-A848-8748717FA32C}.Release|x64.Build.0 = Release|x64
		{7A8F9ABE-7D05-4B9D-A848-8748717FA32C}.Release|x86.ActiveCfg = Release|Win32
		{7A8F9ABE-7D05-4B9D-A848-8748717FA32C}.Release|x86.Build.0 = Release|Win32
		{C19B8DF4-2418-4263-ACFF-A1BB2D634DED}.Debug|x64.ActiveCfg = Debug|x64
		{C19B8DF4-2418-4263-ACFF-A1BB2D634DED}.Debug|x64.Build.0 = Debug|x64
		{C19B8DF4-2418-4263-ACFF-A1BB2D634DED}.Debug|x86.ActiveCfg = Debug|Win32
		{C19B8DF4-2418-4263-ACFF-A1BB2D634DED}.Debug|x86.Build.0 = Debug|Win32
		{C19B8DF4-2418-4263-ACFF-A1BB2D634DED}.Release|x64.ActiveCfg = Release|x64
		{C19B8DF4-2418-4263-ACFF-A1BB2D634DED}.Release|x64.Build.0 = Release|x64
		{C19B8DF4-2418-4263-ACFF-A1BB2D634DED}.Release|x86.ActiveCfg = Release|Win32
		{C19B8DF4-2418-4263-ACFF-A1BB2D634DED}.Release|x86.Build.0 = Release|Win32
		{973E5011-5A04-46BC-8DA2-AAF51969887C}.Debug|x64.ActiveCfg = Debug|x64
		{973E5011-5A04-46BC-8DA2-AAF51969887C}.Debug|x64.Build.0 = Debug|x64
		{973E5011-5A04-46BC-8DA2-AAF51969887C}.Debug|x86.ActiveCfg = Debug|Win32
		{973E5011-5A04-46BC-8DA2-AAF51969887C}.Debug|x86.Build.0 = Debug|Win32
		{973E5011-5A04-46BC-8DA2-AAF51969887C}.Release|x64.ActiveCfg = Release|x64
		{973E5011-5A04-46BC-8DA2-AAF51969887C}.Release|x64.Build.0 = Release|x64
		{973E5011-5A04-46BC-8DA2-AAF51969887C}.Release|x86.ActiveCfg = Release|Win32
		{973E5011-5A04-46BC-8DA2-AAF51969887C}.Release|x86.Build.0 = Release|Win32
		{ECFF6609-198F-48AE-A0E6-2F15F02038B1}.Debug|x64.ActiveCfg = Debug|x64
		{ECFF6609-198F-48AE-A0E6-2F15F02038B1}.Debug|x64.Build.0 = Debug|x64
		{ECFF6609-198F-48AE-A0E6-2F15F02038B1}.Debug|x86.ActiveCfg = Debug|Win32
		{ECFF6609-198F-48AE-A0E6-2F15F02038B1}.Debug|x86.Build.0 = Debug|Win32
		{ECFF6609-198F-48AE-A0E6-2F15F02038B1}.Release|x64.ActiveCfg = Release|x64
		{ECFF6609-198F-48AE-A0E6-2F15F02038B1}.Release|x64.Build.0 = Release|x64
		{ECFF6609-198F-48AE-A0E6-2F15F02038B1}.Release|x86.ActiveCfg = Release|Win32
		{ECFF6609-198F-48AE-A0E6-2F15F02038B1}.Release|x86.Build.0 = Release|Win32
		{19E7CD14-9990-4F18-B852-E6C660B2D19B}.Debug|x64.ActiveCfg = Debug|x64
		{19E7CD14-9990-4F18-B852-E6C660B2D19B}.Debug|x64.Build.0 = Debug|x64
		{19E7CD14-9990-4F18-B852-E6C660B2D19B}.Debug|x86.ActiveCfg = Debug|Win32
		{19E7CD14-9990-4F18-B852-E6C660B2D19B}.Debug|x86.Build.0 = Debug|Win32
		{19E7CD14-9990-4F18-B852-E6C660B2D19B}.Release|x64.ActiveCfg = Release|x64
		{19E7CD14-9990-4F18-B852-E6C660B2D19B}.Release|x64.Build.0 = Release|x64
		{19E7CD14-9990-4F18-B852-E6C660B2D19B}.Release|x86.ActiveCfg = Release|Win32
		{19E7CD14-9990-4F18-B852-E6C660B2D19B}.Release|x86.Build.0 = Release|Win32
		{518ED24A-F780-4F5B-ABB7-BE4E6976B3E1}.Debug|x64.ActiveCfg = Debug|x64
		{518ED24A-F780-4F5B-ABB7-BE4E6976B3E1}.Debug|x64.Build.0 = Debug|x64
		{518ED24A-F780-4F5B-ABB7-BE4E6976B3E1}.Debug|x86.ActiveCfg = Debug|Win32
		{518ED24A-F780-4F5B-ABB7-BE4E6976B3E1}.Debug|x86.Build.0 = Debug|Win32
		{518ED24A-F780-4F5B-ABB7-BE4E6976B3E1}.Release|x64.ActiveCfg = Release|x64
		{518ED24A-F780-4F5B-ABB7-BE4E6976B3E1}.Release|x64.Build.0 = Release|x64
		{518ED24A-F780-4F5B-ABB7-BE4E6976B3E1}.Release|x86.ActiveCfg = Release|Win32
		{518ED24A-F780-4F5B-ABB7-BE4E6976B3E1}.Release|x86.Build.0 = Release|Win32
		{9C768851-06B0-4236-B648-702820A5D71D}.Debug|x64.ActiveCfg = Debug|x64
		{9C768851-06B0-4236-B648-702820A5D71D}.Debug|x64.Build.0 = Debug|x64
		{9C768851-06B0-4236-B648-702820A5D71D}.Debug|x86.ActiveCfg = Debug|Win32
		{9C768851-06B0-4236-B648-702820A5D71D}.Debug|x86.Build.0 = Debug|Win32
		{9C768851-06B0-4236-B648-702820A5D71D}.Release|x64.ActiveCfg = Release|x64
		{9C768851-06B0-4236-B648-702820A5D71D}.Release|x64.Build.0 = Release|x64
		{9C768851-06B0-4236-B648-702820A5D71D}.Release|x86.ActiveCfg = Release|Win32
		{9C768851-06B0-4236-B648-702820A5D71D}.Release|x86.Build.0 = Release|Win32
		{A23B6519-CC4A-4A36-AC02-1E2EA8FBC75E}.Debug|x64.ActiveCfg = Debug|x64
		{A23B6519-CC4A-4A36-AC02-1E2EA8FBC75E}.Debug|x64.Build.0 = Debug|x64
		{A23B6519-CC4A-4A36-AC02-1E2EA8FBC75E}.Debug|x86.ActiveCfg = Debug|Win32
		{A23B6519-CC4A-4A36-AC02-1E2EA8FBC75E}.Debug|x86.Build.0 = Debug|Win32
		{A23B6519-CC4A-4A36-AC02-1E2EA8FBC75E}.Release|x64.ActiveCfg = Release|x64
		{A23B6519-CC4A-4A36-AC02-1E2EA8FBC75E}.Release|x64.Build.0 = Release|x64
		{A23B6519-CC4A-4A36-AC02-1E2EA8FBC75E}.Release|x86.ActiveCfg = Release|Win32
		{A23B6519-CC4A-4A36-AC02-1E2EA8FBC75E}.Release|x86.Build.0 = Release|Win32
		{EC4358A1-FD81-44E6-8C66-682DCEA4BC15}.Debug|x64.ActiveCfg = Debug|x64
		{EC4358A1-FD81-44E6-8C66-682DCEA4BC15}.Debug|x64.Build.0 = Debug|x64
		{EC4358A1-FD81-44E6-8C66-682DCEA4BC15}.Debug|x86.ActiveCfg = Debug|Win32
		{EC4358A1-FD81-44E6-8C66-682DCEA4BC15}.Debug|x86.Build.0 = Debug|Win32
		{EC4358A1-FD81-44E6-8C66-682DCEA4BC15}.Release|x64.ActiveCfg = Release|x64
		{EC4358A1-FD81-44E6-8C66-682DCEA4BC15}.Release|x64.Build.0 = Release|x64
		{EC4358A1-FD81-44E6-8C66-682DCEA4BC15}.Release|x86.ActiveCfg = Release|Win32
		{EC4358A1-FD81-44E6-8C66-682DCEA4BC15}.Release|x86.Build.0 = Release|Win32
		{18D95C5D-8BEE-4BB9-A150-15E05665DC4B}.Debug|x64.ActiveCfg = Debug|x64
		{18D95C5D-8BEE-4BB9-A150-15E05665DC4B}.Debug|x64.Build.0 = Debug|x64
		{18D95C5D-8BEE-4BB9-A150-15E05665DC4B}.Debug|x86.ActiveCfg = Debug|Win32
		{18D95C5D-8BEE-4BB9-A150-15E05665DC4B}.Debug|x86.Build.0 = Debug|Win32
		{18D95C5D-8BEE-4BB9-A150-15E05665DC4B}.Release|x64.ActiveCfg = Release|x64
		{18D95C5D-8BEE-4BB9-A150-15E05665DC4B}.Release|x64.Build.0 = Release|x64
		{18D95C5D-8BEE-4BB9-A150-15E05665DC4B}.Release|x86.ActiveCfg = Release|Win32
		{18D95C5D-8BEE-4BB9-A150-15E05665DC4B}.Release|x86.Build.0 = Release|Win32
		{51E6E90B-C8E8-4D86-BFCB-066521FE74B4}.Debug|x64.ActiveCfg = Debug|x64
		{51E6E90B-C8E8-4D86-BFCB-066521FE74B4}.Debug|x64.Build.0 = Debug|x64
		{51E6E90B-C8E8-4D86-BFCB-066521FE74B4}.Debug|x86.ActiveCfg = Debug|Win32
		{51E6E90B-C8E8-4D86-BFCB-066521FE74B4}.Debug|x86.Build.0 = Debug|Win32
		{51E6E90B-C8E8-4D86-BFCB-066521FE74B4}.Release|x64.ActiveCfg = Release|x64
		{51E6E90B-C8E8-4D86-BFCB-066521FE74B4}.Release|x64.Build.0 = Release|x64
		{51E6E90B-C8E8-4D86-BFCB-066521FE74B4}.Release|x86.ActiveCfg = Release|Win32
		{51E6E90B-C8E8-4D86-BFCB-066521FE74B4}.Release|x86.Build.0 = Release|Win32
		{449DD43E-9AE4-441A-8AA6-FE8225ECF114}.Debug|x64.ActiveCfg = Debug|x64
		{449DD43E-9AE4-441A-8AA6-FE8225ECF114}.Debug|x64.Build.0 = Debug|x64
		{449DD43E-9AE4-441A-8AA6-FE8225ECF114}.Debug|x86.ActiveCfg = Debug|Win32
		{449DD43E-9AE4-441A-8AA6-FE8225ECF114}.Debug|x86.Build.0 = Debug|Win32
		{449DD43E-9AE4-441A-8AA6-FE8225ECF114}.Release|x64.ActiveCfg = Release|x64
		{449DD43E-9AE4-441A-8AA6-FE8225ECF114}.Release|x64.Build.0 = Release|x64
		{449DD43E-9AE4-441A-8AA6-FE8225ECF114}.Release|x86.ActiveCfg = Release|Win32
		{449DD43E-9AE4-441A-8AA6-FE8225ECF114}.Release|x86.Build.0 = Release|Win32
		{A144E9CA-5A27-4C27-AE32-CF437BF27419}.Debug|x64.ActiveCfg = Debug|x64
		{A144E9CA-5A27-4C27-AE32-CF437BF27419}.Debug|x64.Build.0 = Debug|x64
		{A144E9CA-5A27-4C27-AE32-CF437BF27419}.Debug|x86.ActiveCfg = Debug|Win32
		{A144E9CA-5A27-4C27-AE32-CF437BF27419}.Debug|x86.Build.0 = Debug|Win32
		{A144E9CA-5A27-4C27-AE32-CF437BF27419}.Release|x64.ActiveCfg = Release|x64
		{A144E9CA-5A27-4C27-AE32-CF437BF27419}.Release|x64.Build.0 = Release|x64
		{A144E9CA-5A27-4C27-AE32-CF437BF27419}.Release|x86.ActiveCfg = Release|Win32
		{A144E9CA-5A27-4C27-AE32-CF437BF27419}.Release|x86.Build.0 = Release|Win32
		{B80AFCF4-FF52-44EF-95FE-F6197FC6B708}.Debug|x64.ActiveCfg = Debug|x64
		{B80AFCF4-FF52-44EF-95FE-F6197FC6B708}.Debug|x64.Build.0 = Debug|x64
		{B80AFCF4-FF52-44EF-95FE-F6197FC6B708}.Debug|x86.ActiveCfg = Debug|Win32
		{B80AFCF4-FF52-44EF-95FE-F6197FC6B708}.Debug|x86.Build.0 = Debug|Win32
		{B80AFCF4-FF52-44EF-95FE-F6197FC6B708}.Release|x64.ActiveCfg = Release|x64
		{B80AFCF4-FF52-44EF-95FE-F6197FC6B708}.Release|x64.Build.0 = Release|x64
		{B80AFCF4-FF52-44EF-95FE-F6197FC6B708}.Release|x86.ActiveCfg = Release|Win32
		{B80AFCF4-FF52-44EF-95FE-F6197FC6B708}.Release|x86.Build.0 = Release|Win32
		{7CBDDA5E-1F9D-4151-9C56-F098214DBD50}.Debug|x64.ActiveCfg = Debug|x64
		{7CBDDA5E-1F9D-4151-9C56-F098214DBD50}.Debug|x64.Build.0 = Debug|x64
		{7CBDDA5E-1F9D-4151-9C56-F098214DBD50}.Debug|x86.ActiveCfg = Debug|Win32
		{7CBDDA5E-1F9D-4151-9C56-F098214DBD50}.Debug|x86.Build.0 = Debug|Win32
		{7CBDDA5E-1F9D-4151-9C56-F098214DBD50}.Release|x64.ActiveCfg = Release|x64
		{7CBDDA5E-1F9D-4151-9C56-F098214DBD50}.Release|x64.Build.0 = Release|x64
		{7CBDDA5E-1F9D-4151-9C56-F098214DBD50}.Release|x86.ActiveCfg = Release|Win32
		{7CBDDA5E-1F9D-4151-9C56-F098214DBD50}.Release|x86.Build.0 = Release|Win32
		{1271C578-05D0-42EC-9C18-08FA7188000C}.Debug|x64.ActiveCfg = Debug|x64
		{1271C578-05D0-42EC-9C18-08FA7188000C}.Debug|x64.Build.0 = Debug|x64
		{1271C578-05D0-42EC-9C18-08FA7188000C}.Debug|x86.ActiveCfg = Debug|Win32
		{1271C578-05D0-42EC-9C18-08FA7188000C}.Debug|x86.Build.0 = Debug|Win32
		{1271C578-05D0-42EC-9C18-08FA7188000C}.Release|x64.ActiveCfg = Release|x64
		{1271C578-05D0-42EC-9C18-08FA7188000C}.Release|x64.Build.0 = Release|x64
		{1271C578-05D0-42EC-9C18-08FA7188000C}.Release|x86.ActiveCfg = Release|Win32
		{1271C578-05D0-42EC-9C18-08FA7188000C}.Release|x86.Build.0 = Release|Win32
		{232973B6-B892-49F5-A3C2-DEFC31C53AA0}.Debug|x64.ActiveCfg = Debug|x64
		{232973B6-B892-49F5-A3C2-DEFC31C53AA0}.Debug|x64.Build.0 = Debug|x64
		{232973B6-B892-49F5-A3C2-DEFC31C53AA0}.Debug|x86.ActiveCfg = Debug|Win32
		{232973B6-B892-49F5-A3C2-DEFC31C53AA0}.Debug|x86.Build.0 = Debug|Win32
		{232973B6-B892-49F5-A3C2-DEFC31C53AA0}.Release|x64.ActiveCfg = Release|x64
		{232973B6-B892-49F5-A3C2-DEFC31C53AA0}.Release|x64.Build.0 = Release|x64
		{232973B6-B892-49F5-A3C2-DEFC31C53AA0}.Release|x86.ActiveCfg = Release|Win32
		{232973B6-B892-49F5-A3C2-DEFC31C53AA0}.Release|x86.Build.0 = Release|Win32
		{F7C19FE4-F1B2-415F-B877-E465496F3AD9}.Debug|x64.ActiveCfg = Debug|x64
		{F7C19FE4-F1B2-415F-B877-E465496F3AD9}.Debug|x64.Build.0 = Debug|x64
		{F7C19FE4-F1B2-415F-B877-E465496F3AD9}.Debug|x86.ActiveCfg = Debug|Win32
		{F7C19FE4-F1B2-415F-B877-E465496F3AD9}.Debug|x86.Build.0 = Debug|Win32
		{F7C19FE4-F1B2-415F-B877-E465496F3AD9}.Release|x64.ActiveCfg = Release|x64
		{F7C19FE4-F1B2-415F-B877-E465496F3AD9}.Release|x64.Build.0 = Release|x64
		{F7C19FE4-F1B2-415F-B877-E465496F3AD9}.Release|x86.ActiveCfg = Release|Win32
		{F7C19FE4-F1B2-415F-B877-E465496F3AD9}.Release|x86.Build.0 = Release|Win32
		{FD2B6EA1-5D0A-41AA-A41A-9814B60BFAD5}.Debug|x64.ActiveCfg = Debug|x64
		{FD2B6EA1-5D0A-41AA-A41A-9814B60BFAD5}.Debug|x64.Build.0 = Debug|x64
		{FD2B6EA1-5D0A-41AA-A41A-9814B60BFAD5}.Debug|x86.ActiveCfg = Debug|Win32
		{FD2B6EA1-5D0A-41AA-A41A-9814B60BFAD5}.Debug|x86.Build.0 = Debug|Win32
		{FD2B6EA1-5D0A-41AA-A41A-9814B60BFAD5}.Release|x64.ActiveCfg = Release|x64
		{FD2B6EA1-5D0A-41AA-A41A-9814B60BFAD5}.Release|x64.Build.0 = Release|x64
		{FD2B6EA1-5D0A-41AA-A41A-9814B60BFAD5}.Release|x86.ActiveCfg = Release|Win32
		{FD2B6EA1-5D0A-41AA-A41A-9814B60BFAD5}.Release|x86.Build.0 = Release|Win32
		{0EBCCF59-E216-42CF-BAAE-77E40EBD1693}.Debug|x64.ActiveCfg = Debug|x64
		{0EBCCF59-E216-42CF-BAAE-77E40EBD1693}.Debug|x64.Build.0 = Debug|x64
		{0EBCCF59-E216-42CF-BAAE-77E40EBD1693}.Debug|x86.ActiveCfg = Debug|Win32
		{0EBCCF59-E216-42CF-BAAE-77E40EBD1693}.Debug|x86.Build.0 = Debug|Win32
		{0EBCCF59-E216-42CF-BAAE-77E40EBD1693}.Release|x64.ActiveCfg = Release|x64
		{0EBCCF59-E216-42CF-BAAE-77E40EBD1693}.Release|x64.Build.0 = Release|x64
		{0EBCCF59-E216-42CF-BAAE-77E40EBD1693}.Release|x86.ActiveCfg = Release|Win32
		{0EBCCF59-E216-42CF-BAAE-77E40EBD1693}.Release|x86.Build.0 = Release|Win32
		{E3470201-F297-484B-9502-1FFF0D78A051}.Debug|x64.ActiveCfg = Debug|x64
		{E3470201-F297-484B-9502-1FFF0D78A051}.Debug|x64.Build.0 = Debug|x64
		{E3470201-F297-484B-9502-1FFF0D78A051}.Debug|x86.ActiveCfg = Debug|Win32
		{E3470201-F297-484B-9502-1FFF0D78A051}.Debug|x86.Build.0 = Debug|Win32
		{E3470201-F297-484B-9502-1FFF0D78A051}.Release|x64.ActiveCfg = Release|x64
		{E3470201-F297-484B-9502-1FFF0D78A051}.Release|x64.Build.0 = Release|x64
		{E3470201-F297-484B-9502-1FFF0D78A051}.Release|x86.ActiveCfg = Release|Win32
		{E3470201-F297-484B-9502-1FFF0D78A051}.Release|x86.Build.0 = Release|Win32
		{6FFDEA0F-A478-4005-B68A-EFFF7B45B4D9}.Debug|x64.ActiveCfg = Debug|x64
		{6FFDEA0F-A478-4005-B68A-EFFF7B45B4D9}.Debug|x64.Build.0 = Debug|x64
		{6FFDEA0F-A478-4005-B68A-EFFF7B45B4D9}.Debug|x86.ActiveCfg = Debug|Win32
		{6FFDEA0F-A478-4005-B68A-EFFF7B45B4D9}.Debug|x86.Build.0 = Debug|Win32
		{6FFDEA0F-A478-4005-B68A-EFFF7B45B4D9}.Release|x64.ActiveCfg = Release|x64
		{6FFDEA0F-A478-4005-B68A-EFFF7B45B4D9}.Release|x64.Build.0 = Release|x64
		{6FFDEA0F-A478-4005-B68A-EFFF7B45B4D9}.Release|x86.ActiveCfg = Release|Win32
		{6FFDEA0F-A478-4005-B68A-EFFF7B45B4D9}.Release|x86.Build.0 = Release|Win32
		{60F0D085-9C1B-49A4-9EA1-ABA0D6DF578A}.Debug|x64.ActiveCfg = Debug|x64
		{60F0D085-9C1B-49A4-9EA1-ABA0D6DF578A}.Debug|x64.Build.0 = Debug|x64
		{60F0D085-9C1B-49A4-9EA1-ABA0D6DF578A}.Debug|x86.ActiveCfg = Debug|Win32
		{60F0D085-9C1B-49A4-9EA1-ABA0D6DF578A}.Debug|x86.Build.0 = Debug|Win32
		{60F0D085-9C1B-49A4-9EA1-ABA0D6DF578A}.Release|x64.ActiveCfg = Release|x64
		{60F0D085-9C1B-49A4-9EA1-ABA0D6DF578A}.Release|x64.Build.0 = Release|x64
		{60F0D085-9C1B-49A4-9EA1-ABA0D6DF578A}.Release|x86.ActiveCfg = Release|Win32
		{60F0D085-9C1B-49A4-9EA1-ABA0D6DF578A}.Release|x86.Build.0 = Release|Win32
		{4A4C2567-B911-4005-892D-034DB60CA5AD}.Debug|x64.ActiveCfg = Debug|x64
		{4A4C2567-B911-4005-892D-034DB60CA5AD}.Debug|x64.Build.0 = Debug|x64
		{4A4C2567-B911-4005-892D-034DB60CA5AD}.Debug|x86.ActiveCfg = Debug|Win32
		{4A4C2567-B911-4005-892D-034DB60CA5AD}.Debug|x86.Build.0 = Debug|Win32
		{4A4C2567-B911-4005-892D-034DB60CA5AD}.Release|x64.ActiveCfg = Release|x64
		{4A4C2567-B911-4005-892D-034DB60CA5AD}.Release|x64.Build.0 = Release|x64
		{4A4C2567-B911-4005-892D-034DB60CA5AD}.Release|x86.ActiveCfg = Release|Win32
		{4A4C2567-B911-4005-892D-034DB60CA5AD}.Release|x86.Build.0 = Release|Win32
		{CE71A013-BE18-487E-936C-A00BB3A2DB9C}.Debug|x64.ActiveCfg = Debug|x64
		{CE71A013-BE18-487E-936C-A00BB3A2DB9C}.Debug|x64.Build.0 = Debug|x64
		{CE71A013-BE18-487E-936C-A00BB3A2DB9C}.Debug|x86.ActiveCfg = Debug|Win32
		{CE71A013-BE18-487E-936C-A00BB3A2DB9C}.Debug|x86.Build.0 = Debug|Win32
		{CE71A013-BE18-487E-936C-A00BB3A2DB9C}.Release|x64.ActiveCfg = Release|x64
		{CE71A013-BE18-487E-936C-A00BB3A2DB9C}.Release|x64.Build.0 = Release|x64
		{CE71A013-BE18-487E-936C-A00BB3A2DB9C}.Release|x86.ActiveCfg = Release|Win32
		{CE71A013-BE18-487E-936C-A00BB3A2DB9C}.Release|x86.Build.0 = Release|Win32
		{0FA8E92E-B4BA-4FBC-A534-60D828B4382E}.Debug|x64.ActiveCfg = Debug|x64
		{0FA8E92E-B4BA-4FBC-A534-60D828B4382E}.Debug|x64.Build.0 = Debug|x64
		{0FA8E92E-B4BA-4FBC-A534-60D828B4382E}.Debug|x86.ActiveCfg = Debug|Win32
		{0FA8E92E-B4BA-4FBC-A534-60D828B4382E}.Debug|x86.Build.0 = Debug|Win32
		{0FA8E92E-B4BA-4FBC-A534-60D828B4382E}.Release|x64.ActiveCfg = Release|x64
		{0FA8E92E-B4BA-4FBC-A534-60D828B4382E}.Release|x64.Build.0 = Release|x64
		{0FA8E92E-B4BA-4FBC-A534-60D828B4382E}.Release|x86.ActiveCfg = Release|Win32
		{0FA8E92E-B4BA-4FBC-A534-60D828B4382E}.Release|x86.Build.0 = Release|Win32
		{BBFFFB3E-233B-45FB-AEEF-8E239003C067}.Debug|x64.ActiveCfg = Debug|x64
		{BBFFFB3E-233B-45FB-AEEF-8E239003C067}.Debug|x64.Build.0 = Debug|x64
		{BBFFFB3E-233B-45FB-AEEF-8E239003C067}.Debug|x86.ActiveCfg = Debug|Win32
		{BBFFFB3E-233B-45FB-AEEF-8E239003C067}.Debug|x86.Build.0 = Debug|Win32
		{BBFFFB3E-233B-45FB-AEEF-8E239003C067}.Release|x64.ActiveCfg = Release|x64
		{BBFFFB3E-233B-45FB-AEEF-8E239003C067}.Release|x64.Build.0 = Release|x64
		{BBFFFB3E-233B-45FB-AEEF-8E239003C067}.Release|x86.ActiveCfg = Release|Win32
		{BBFFFB3E-233B-45FB-AEEF-8E239003C067}.Release|x86.Build.0 = Release|Win32
		{458A1725-BD35-4D5D-BFED-571DB12B30FC}.Debug|x64.ActiveCfg = Debug|x64
		{458A1725-BD35-4D5D-BFED-571DB12B30FC}.Debug|x64.Build.0 = Debug|x64
		{458A1725-BD35-4D5D-BFED-571DB12B30FC}.Debug|x86.ActiveCfg = Debug|Win32
		{458A1725-BD35-4D5D-BFED-571DB12B30FC}.Debug|x86.Build.0 = Debug|Win32
		{458A1725-BD35-4D5D-BFED-571DB12B30FC}.Release|x64.ActiveCfg = Release|x64
		{458A1725-BD35-4D5D-BFED-571DB12B30FC}.Release|x64.Build.0 = Release|x64
		{458A1725-BD35-4D5D-BFED-571DB12B30FC}.Release|x86.ActiveCfg = Release|Win32
		{458A1725-BD35-4D5D-BFED-571DB12B30FC}.Release|x86.Build.0 = Release|Win32
		{F127DF2E-8DFF-485C-8336-6FB0898B58DF}.Debug|x64.ActiveCfg = Debug|x64
		{F127DF2E-8DFF-485C-8336-6FB0898B58DF}.Debug|x64.Build.0 = Debug|x64
		{F127DF2E-8DFF-485C-8336-6FB0898B58DF}.Debug|x86.ActiveCfg = Debug|Win32
		{F127DF2E-8DFF-485C-8336-6FB0898B58DF}.Debug|x86.Build.0 = Debug|Win32
		{F127DF2E-8DFF-485C-8336-6FB0898B58DF}.Release|x64.ActiveCfg = Release|x64
		{F127DF2E-8DFF-485C-8336-6FB0898B58DF}.Release|x64.Build.0 = Release|x64
		{F127DF2E-8DFF-485C-8336-6FB0898B58DF}.Release|x86.ActiveCfg = Release|Win32
		{F127DF2E-8DFF-485C-8336-6FB0898B58DF}.Release|x86.Build.0 = Release|Win32
		{B795E8F1-451A-4A64-BC56-1FF7CD8FEC03}.Debug|x64.ActiveCfg = Debug|x64
		{B795E8F1-451A-4A64-BC56-1FF7CD8FEC03}.Debug|x64.Build.0 = Debug|x64
		{B795E8F1-451A-4A64-BC56-1FF7CD8FEC03}.Debug|x86.ActiveCfg = Debug|Win32
		{B795E8F1-451A-4A64-BC56-1FF7CD8FEC03}.Debug|x86.Build.0 = Debug|Win32
		{B795E8F1-451A-4A64-BC56-1FF7CD8FEC03}.Release|x64.ActiveCfg = Release|x64
		{B795E8F1-451A-4A64-BC56-1FF7CD8FEC03}.Release|x64.Build.0 = Release|x64
		{B795E8F1-451A-4A64-BC56-1FF7CD8FEC03}.Release|x86.ActiveCfg = Release|Win32
		{B795E8F1-451A-4A64-BC56-1FF7CD8FEC03}.Release|x86.Build.0 = Release|Win32
		{7406A9DA-133B-4337-82D3-11C7684255DC}.Debug|x64.ActiveCfg = Debug|x64
		{7406A9DA-133B-4337-82D3-11C7684255DC}.Debug|x64.Build.0 = Debug|x64
		{7406A9DA-133B-4337-82D3-11C7684255DC}.Debug|x86.ActiveCfg = Debug|Win32
		{7406A9DA-133B-4337-82D3-11C7684255DC}.Debug|x86.Build.0 = Debug|Win32
		{7406A9DA-133B-4337-82D3-11C7684255DC}.Release|x64.ActiveCfg = Release|x64
		{7406A9DA-133B-4337-82D3-11C7684255DC}.Release|x64.Build.0 = Release|x64
		{7406A9DA-133B-4337-82D3-11C7684255DC}.Release|x86.ActiveCfg = Release|Win32
		{7406A9DA-133B-4337-82D3-11C7684255DC}.Release|x86.Build.0 = Release|Win32
		{95C99801-DB2A-49A4-A1D7-87C81DAE3CFF}.Debug|x64.ActiveCfg = Debug|x64
		{95C99801-DB2A-49A4-A1D7-87C81DAE3CFF}.Debug|x64.Build.0 = Debug|x64
		{95C99801-DB2A-49A4-A1D7-87C81DAE3CFF}.Debug|x86.ActiveCfg = Debug|Win32
		{95C99801-DB2A-49A4-A1D7-87C81DAE3CFF}.Debug|x86.Build.0 = Debug|Win32
		{95C99801-DB2A-49A4-A1D7-87C81DAE3CFF}.Release|x64.ActiveCfg = Release|x64
		{95C99801-DB2A-49A4-A1D7-87C81DAE3CFF}.Release|x64.Build.0 = Release|x64
		{95C99801-DB2A-49A4-A1D7-87C81DAE3CFF}.Release|x86.ActiveCfg = Release|Win32
		{95C99801-DB2A-49A4-A1D7-87C81DAE3CFF}.Release|x86.Build.0 = Release|Win32
		{A56BA8E9-7B31-4742-8028-54D0E4AD7AD4}.Debug|x64.ActiveCfg = Debug|x64
		{A56BA8E9-7B31-4742-8028-54D0E4AD7AD4}.Debug|x64.Build.0 = Debug|x64
		{A56BA8E9-7B31-4742-8028-54D0E4AD7AD4}.Debug|x86.ActiveCfg = Debug|Win32
		{A56BA8E9-7B31-4742-8028-54D0E4AD7AD4}.Debug|x86.Build.0 = Debug|Win32
		{A56BA8E9-7B31-4742-8028-54D0E4AD7AD4}.Release|x64.ActiveCfg = Release|x64
		{A56BA8E9-7B31-4742-8028-54D0E4AD7AD4}.Release|x64.Build.0 = Release|x64
		{A56BA8E9-7B31-4742-8028-54D0E4AD7AD4}.Release|x86.ActiveCfg = Release|Win32
		{A56BA8E9-7B31-4742-8028-54D0E4AD7AD4}.Release|x86.Build.0 = Release|Win32
	EndGlobalSection
	GlobalSection(SolutionProperties) = preSolution
		HideSolutionNode = FALSE
	EndGlobalSection
EndGlobal
